
Microsoft Visual Studio Solution File, Format Version 12.00
# Visual Studio Version 16
VisualStudioVersion = 16.0.29519.87
MinimumVisualStudioVersion = 10.0.40219.1
Project("{FAE04EC0-301F-11D3-BF4B-00C04F79EFBC}") = "HotelReservation", "HotelReservation.csproj", "{FA8EF524-90C0-40E7-8C66-BA412A435F2D}"
EndProject
Project("{FAE04EC0-301F-11D3-BF4B-00C04F79EFBC}") = "HotelReservationTesting", "HotelReservationTesting\HotelReservationTesting.csproj", "{6FD1FB0E-CB42-4B54-8989-26823E644286}"
EndProject
Global
	GlobalSection(SolutionConfigurationPlatforms) = preSolution
		Debug|Any CPU = Debug|Any CPU
		Release|Any CPU = Release|Any CPU
	EndGlobalSection
	GlobalSection(ProjectConfigurationPlatforms) = postSolution
		{FA8EF524-90C0-40E7-8C66-BA412A435F2D}.Debug|Any CPU.ActiveCfg = Debug|Any CPU
		{FA8EF524-90C0-40E7-8C66-BA412A435F2D}.Debug|Any CPU.Build.0 = Debug|Any CPU
		{FA8EF524-90C0-40E7-8C66-BA412A435F2D}.Release|Any CPU.ActiveCfg = Release|Any CPU
		{FA8EF524-90C0-40E7-8C66-BA412A435F2D}.Release|Any CPU.Build.0 = Release|Any CPU
		{6FD1FB0E-CB42-4B54-8989-26823E644286}.Debug|Any CPU.ActiveCfg = Debug|Any CPU
		{6FD1FB0E-CB42-4B54-8989-26823E644286}.Debug|Any CPU.Build.0 = Debug|Any CPU
		{6FD1FB0E-CB42-4B54-8989-26823E644286}.Release|Any CPU.ActiveCfg = Release|Any CPU
		{6FD1FB0E-CB42-4B54-8989-26823E644286}.Release|Any CPU.Build.0 = Release|Any CPU
	EndGlobalSection
	GlobalSection(SolutionProperties) = preSolution
		HideSolutionNode = FALSE
	EndGlobalSection
	GlobalSection(ExtensibilityGlobals) = postSolution
		SolutionGuid = {BC4196D5-977E-4FF2-8CDD-5498977C0082}
	EndGlobalSection
EndGlobal
